Microsoft Visual Studio Solution File, Format Version 12.00
# Visual Studio Version 17
VisualStudioVersion = 17.5.2.0
MinimumVisualStudioVersion = 10.0.40219.1
Project("{FAE04EC0-301F-11D3-BF4B-00C04F79EFBC}") = "JobJournal", "JobJournal.csproj", "{ECCA1FFD-230D-C670-D143-5FE3B8710189}"
EndProject
Global
	GlobalSection(SolutionConfigurationPlatforms) = preSolution
		Debug|Any CPU = Debug|Any CPU
		Release|Any CPU = Release|Any CPU
	EndGlobalSection
	GlobalSection(ProjectConfigurationPlatforms) = postSolution
		{ECCA1FFD-230D-C670-D143-5FE3B8710189}.Debug|Any CPU.ActiveCfg = Debug|Any CPU
		{ECCA1FFD-230D-C670-D143-5FE3B8710189}.Debug|Any CPU.Build.0 = Debug|Any CPU
		{ECCA1FFD-230D-C670-D143-5FE3B8710189}.Release|Any CPU.ActiveCfg = Release|Any CPU
		{ECCA1FFD-230D-C670-D143-5FE3B8710189}.Release|Any CPU.Build.0 = Release|Any CPU
	EndGlobalSection
	GlobalSection(SolutionProperties) = preSolution
		HideSolutionNode = FALSE
	EndGlobalSection
	GlobalSection(ExtensibilityGlobals) = postSolution
		SolutionGuid = {74D1E3EB-C10D-40BF-95B3-71D1ACA919CC}
	EndGlobalSection
EndGlobal
