
Microsoft Visual Studio Solution File, Format Version 12.00
# Visual Studio Version 17
VisualStudioVersion = 17.8.34330.188
MinimumVisualStudioVersion = 10.0.40219.1
Project("{9A19103F-16F7-4668-BE54-9A1E7A4F7556}") = "JobJournal", "JobJournal\JobJournal.csproj", "{8957E3E8-C797-4024-85B0-8EA33CE8116B}"
EndProject
Global
	GlobalSection(SolutionConfigurationPlatforms) = preSolution
		Debug|Any CPU = Debug|Any CPU
		Release|Any CPU = Release|Any CPU
	EndGlobalSection
	GlobalSection(ProjectConfigurationPlatforms) = postSolution
		{8957E3E8-C797-4024-85B0-8EA33CE8116B}.Debug|Any CPU.ActiveCfg = Debug|Any CPU
		{8957E3E8-C797-4024-85B0-8EA33CE8116B}.Debug|Any CPU.Build.0 = Debug|Any CPU
		{8957E3E8-C797-4024-85B0-8EA33CE8116B}.Release|Any CPU.ActiveCfg = Release|Any CPU
		{8957E3E8-C797-4024-85B0-8EA33CE8116B}.Release|Any CPU.Build.0 = Release|Any CPU
	EndGlobalSection
	GlobalSection(SolutionProperties) = preSolution
		HideSolutionNode = FALSE
	EndGlobalSection
	GlobalSection(ExtensibilityGlobals) = postSolution
		SolutionGuid = {903A0F63-D9F6-43DF-A9AB-5C6556D1EEC2}
	EndGlobalSection
EndGlobal
